
Microsoft Visual Studio Solution File, Format Version 12.00
# Visual Studio 15
VisualStudioVersion = 15.0.28307.329
MinimumVisualStudioVersion = 10.0.40219.1
Project("{FAE04EC0-301F-11D3-BF4B-00C04F79EFBC}") = "MiWS", "MiWS\MiWS.csproj", "{69A07567-C586-4129-820C-3DB17A012722}"
EndProject
Project("{FAE04EC0-301F-11D3-BF4B-00C04F79EFBC}") = "ClienteWS", "ClienteWS\ClienteWS.csproj", "{9F1308A8-F6C5-4DCF-A559-90916B3776A5}"
	ProjectSection(ProjectDependencies) = postProject
		{69A07567-C586-4129-820C-3DB17A012722} = {69A07567-C586-4129-820C-3DB17A012722}
	EndProjectSection
EndProject
Global
	GlobalSection(SolutionConfigurationPlatforms) = preSolution
		Debug|Any CPU = Debug|Any CPU
		Release|Any CPU = Release|Any CPU
	EndGlobalSection
	GlobalSection(ProjectConfigurationPlatforms) = postSolution
		{69A07567-C586-4129-820C-3DB17A012722}.Debug|Any CPU.ActiveCfg = Debug|Any CPU
		{69A07567-C586-4129-820C-3DB17A012722}.Debug|Any CPU.Build.0 = Debug|Any CPU
		{69A07567-C586-4129-820C-3DB17A012722}.Release|Any CPU.ActiveCfg = Release|Any CPU
		{69A07567-C586-4129-820C-3DB17A012722}.Release|Any CPU.Build.0 = Release|Any CPU
		{9F1308A8-F6C5-4DCF-A559-90916B3776A5}.Debug|Any CPU.ActiveCfg = Debug|Any CPU
		{9F1308A8-F6C5-4DCF-A559-90916B3776A5}.Debug|Any CPU.Build.0 = Debug|Any CPU
		{9F1308A8-F6C5-4DCF-A559-90916B3776A5}.Release|Any CPU.ActiveCfg = Release|Any CPU
		{9F1308A8-F6C5-4DCF-A559-90916B3776A5}.Release|Any CPU.Build.0 = Release|Any CPU
	EndGlobalSection
	GlobalSection(SolutionProperties) = preSolution
		HideSolutionNode = FALSE
	EndGlobalSection
	GlobalSection(ExtensibilityGlobals) = postSolution
		SolutionGuid = {7AF0CBAF-E077-460E-B3C5-E518E15E07FD}
	EndGlobalSection
EndGlobal
