
Microsoft Visual Studio Solution File, Format Version 12.00
# Visual Studio 2013
VisualStudioVersion = 12.0.21005.1
MinimumVisualStudioVersion = 10.0.40219.1
Project("{D2ABAB84-BF74-430A-B69E-9DC6D40DDA17}") = "FirstCube", "FirstCube\FirstCube.dwproj", "{DE21D6C6-CD19-45CE-9123-FCDC4CF70317}"
EndProject
Global
	GlobalSection(SolutionConfigurationPlatforms) = preSolution
		Development|Default = Development|Default
	EndGlobalSection
	GlobalSection(ProjectConfigurationPlatforms) = postSolution
		{DE21D6C6-CD19-45CE-9123-FCDC4CF70317}.Development|Default.ActiveCfg = Development
		{DE21D6C6-CD19-45CE-9123-FCDC4CF70317}.Development|Default.Build.0 = Development
		{DE21D6C6-CD19-45CE-9123-FCDC4CF70317}.Development|Default.Deploy.0 = Development
	EndGlobalSection
	GlobalSection(SolutionProperties) = preSolution
		HideSolutionNode = FALSE
	EndGlobalSection
EndGlobal
